
Microsoft Visual Studio Solution File, Format Version 12.00
# Visual Studio Version 17
VisualStudioVersion = 17.12.35527.113 d17.12
MinimumVisualStudioVersion = 10.0.40219.1
Project("{FAE04EC0-301F-11D3-BF4B-00C04F79EFBC}") = "linq1demo", "linq1assignment\linq1demo.csproj", "{81F32D0E-C4CA-4B4B-8ED2-F65F6A63C6EA}"
EndProject
Global
	GlobalSection(SolutionConfigurationPlatforms) = preSolution
		Debug|Any CPU = Debug|Any CPU
		Release|Any CPU = Release|Any CPU
	EndGlobalSection
	GlobalSection(ProjectConfigurationPlatforms) = postSolution
		{81F32D0E-C4CA-4B4B-8ED2-F65F6A63C6EA}.Debug|Any CPU.ActiveCfg = Debug|Any CPU
		{81F32D0E-C4CA-4B4B-8ED2-F65F6A63C6EA}.Debug|Any CPU.Build.0 = Debug|Any CPU
		{81F32D0E-C4CA-4B4B-8ED2-F65F6A63C6EA}.Release|Any CPU.ActiveCfg = Release|Any CPU
		{81F32D0E-C4CA-4B4B-8ED2-F65F6A63C6EA}.Release|Any CPU.Build.0 = Release|Any CPU
	EndGlobalSection
	GlobalSection(SolutionProperties) = preSolution
		HideSolutionNode = FALSE
	EndGlobalSection
EndGlobal
